PODS:
  - AFNetworking (2.2.4):
    - AFNetworking/NSURLConnection (= 2.2.4)
    - AFNetworking/NSURLSession (= 2.2.4)
    - AFNetworking/Reachability (= 2.2.4)
    - AFNetworking/Security (= 2.2.4)
    - AFNetworking/Serialization (= 2.2.4)
    - AFNetworking/UIKit (= 2.2.4)
  - AFNetworking/NSURLConnection (2.2.4):
    - AFNetworking/Reachability
    - AFNetworking/Security
    - AFNetworking/Serialization
  - AFNetworking/NSURLSession (2.2.4):
    - AFNetworking/NSURLConnection
  - AFNetworking/Reachability (2.2.4)
  - AFNetworking/Security (2.2.4)
  - AFNetworking/Serialization (2.2.4)
  - AFNetworking/UIKit (2.2.4):
    - AFNetworking/NSURLConnection
    - AFNetworking/NSURLSession
  - AFOAuth2Client@phoenixplatform (0.1.1.1):
    - AFNetworking (~> 2.0)
  - EngageSDK (1.0.0):
    - EngageSDK/AFNetworking (= 1.0.0)
  - EngageSDK/AFNetworking (1.0.0):
    - AFNetworking (~> 2.2.3)
    - AFOAuth2Client@phoenixplatform (~> 0.1)
    - MobileDeepLinking-iOS (~> 0.2)
  - MBProgressHUD (0.9)
  - MobileDeepLinking-iOS (0.2.0)

DEPENDENCIES:
  - EngageSDK (from `https://github.com/makeandbuild/mobile-connector-sdk-ios.git`, commit `cf96f5e18b57116a5f609a8936e46ef5596b93e0`, branch `master`)
  - MBProgressHUD (~> 0.8)

EXTERNAL SOURCES:
  EngageSDK:
    :branch: master
    :commit: cf96f5e18b57116a5f609a8936e46ef5596b93e0
    :git: https://github.com/makeandbuild/mobile-connector-sdk-ios.git

CHECKOUT OPTIONS:
  EngageSDK:
    :branch: master
    :commit: cf96f5e18b57116a5f609a8936e46ef5596b93e0
    :git: https://github.com/makeandbuild/mobile-connector-sdk-ios.git

SPEC CHECKSUMS:
  AFNetworking: ab63e259fe91eef4519b371ef0a4955af0e73e64
  AFOAuth2Client@phoenixplatform: 9785fffb216a616da21c76e8cbefff9d7840ae6e
  EngageSDK: d41f504cd98c6e7c5234241d9bac2a314c751ba4
  MBProgressHUD: 2038dbcf3dce73215abed6001657043d53aa79a8
  MobileDeepLinking-iOS: 4a23f291977481159a22296b4a8b0b8be26b4a13

COCOAPODS: 0.35.0
