// !$*UTF8*$!
{
	archiveVersion = 1;
	classes = {
	};
	objectVersion = 46;
	objects = {

/* Begin PBXBuildFile section */
		19075406193BA2BC00C6AE2E /* libEngageSDK.a in Frameworks */ = {isa = PBXBuildFile; fileRef = B2B1826F178B59400097EE6A /* libEngageSDK.a */; };
		19153DD7190817F10086631B /* EngageLocalEventStore.m in Sources */ = {isa = PBXBuildFile; fileRef = 19153DD6190817F10086631B /* EngageLocalEventStore.m */; };
		1916728F1907063F001F25C9 /* CoreData.framework in Frameworks */ = {isa = PBXBuildFile; fileRef = 1916728E1907063F001F25C9 /* CoreData.framework */; };
		191970761924FB1500C75CD8 /* TestUtils.m in Sources */ = {isa = PBXBuildFile; fileRef = 191970751924FB1500C75CD8 /* TestUtils.m */; };
		191970791925030900C75CD8 /* UBFManager.m in Sources */ = {isa = PBXBuildFile; fileRef = 191970781925030900C75CD8 /* UBFManager.m */; };
		1919707E1925064A00C75CD8 /* EngageEventLocationManager.m in Sources */ = {isa = PBXBuildFile; fileRef = 1919707D1925064A00C75CD8 /* EngageEventLocationManager.m */; };
		1919708519251EA700C75CD8 /* EngageDeepLinkManager.m in Sources */ = {isa = PBXBuildFile; fileRef = 1919708419251EA700C75CD8 /* EngageDeepLinkManager.m */; };
		1929A3441936197D00D3F044 /* EngageConfigManager.m in Sources */ = {isa = PBXBuildFile; fileRef = 1929A3431936197D00D3F044 /* EngageConfigManager.m */; };
		1929A3491936714100D3F044 /* EngageExpirationParser.m in Sources */ = {isa = PBXBuildFile; fileRef = 1929A3481936714100D3F044 /* EngageExpirationParser.m */; };
		1929A34B193675E300D3F044 /* EngageExpirationParserTests.m in Sources */ = {isa = PBXBuildFile; fileRef = 1929A34A193675E300D3F044 /* EngageExpirationParserTests.m */; };
		194C94B119216032004B8851 /* CoreData.framework in Frameworks */ = {isa = PBXBuildFile; fileRef = 1916728E1907063F001F25C9 /* CoreData.framework */; };
		194C94B51921612C004B8851 /* UBFClientTests.m in Sources */ = {isa = PBXBuildFile; fileRef = 194C94B41921612C004B8851 /* UBFClientTests.m */; };
		194C94B819216CB0004B8851 /* SystemConfiguration.framework in Frameworks */ = {isa = PBXBuildFile; fileRef = 19D24B7219088D6900855BC7 /* SystemConfiguration.framework */; };
		195EE3D019B69D0400440128 /* UBFManagerTests.m in Sources */ = {isa = PBXBuildFile; fileRef = 195EE3CF19B69D0400440128 /* UBFManagerTests.m */; };
		196246921938D2990038B453 /* EngageEventWrapper.m in Sources */ = {isa = PBXBuildFile; fileRef = 196246911938D2990038B453 /* EngageEventWrapper.m */; };
		197BBFF61946A128001F925C /* EngageConfigManagerTests.m in Sources */ = {isa = PBXBuildFile; fileRef = 197BBFF51946A128001F925C /* EngageConfigManagerTests.m */; };
		197BBFF91946A68B001F925C /* XMLAPIManager.m in Sources */ = {isa = PBXBuildFile; fileRef = 197BBFF81946A68B001F925C /* XMLAPIManager.m */; };
		197BC00319472A8C001F925C /* UBFAugmentationManager.m in Sources */ = {isa = PBXBuildFile; fileRef = 197BC00219472A8C001F925C /* UBFAugmentationManager.m */; };
		197BC00A19472AFB001F925C /* UBFCoordinatesAugmentationPlugin.m in Sources */ = {isa = PBXBuildFile; fileRef = 197BC00919472AFB001F925C /* UBFCoordinatesAugmentationPlugin.m */; };
		197BC00E19472B68001F925C /* UBFPlacemarkAugmentationPlugin.m in Sources */ = {isa = PBXBuildFile; fileRef = 197BC00D19472B68001F925C /* UBFPlacemarkAugmentationPlugin.m */; };
		197BC01119473AF8001F925C /* UBFAugmentationOperation.m in Sources */ = {isa = PBXBuildFile; fileRef = 197BC01019473AF8001F925C /* UBFAugmentationOperation.m */; };
		198A2D4019466D3400FF7AD8 /* XMLAPITest.m in Sources */ = {isa = PBXBuildFile; fileRef = 198A2D3F19466D3400FF7AD8 /* XMLAPITest.m */; };
		199843991925488C000B6B6B /* EngageDeepLinkManagerTests.m in Sources */ = {isa = PBXBuildFile; fileRef = 199843981925488C000B6B6B /* EngageDeepLinkManagerTests.m */; };
		19BFF1E51923AC5F004686B7 /* CoreLocation.framework in Frameworks */ = {isa = PBXBuildFile; fileRef = 19BFF1E41923AC5F004686B7 /* CoreLocation.framework */; };
		19BFF1E61923AC67004686B7 /* CoreLocation.framework in Frameworks */ = {isa = PBXBuildFile; fileRef = 19BFF1E41923AC5F004686B7 /* CoreLocation.framework */; };
		19BFF1E81923BFAE004686B7 /* UBFTests.m in Sources */ = {isa = PBXBuildFile; fileRef = 19BFF1E71923BFAE004686B7 /* UBFTests.m */; };
		19BFF1EA1923DE77004686B7 /* NotificationTests.m in Sources */ = {isa = PBXBuildFile; fileRef = 19BFF1E91923DE77004686B7 /* NotificationTests.m */; };
		19BFF1EC1923ED66004686B7 /* EngageLocalEventStoreTests.m in Sources */ = {isa = PBXBuildFile; fileRef = 19BFF1EB1923ED66004686B7 /* EngageLocalEventStoreTests.m */; };
		19CAAD441935173800610253 /* EngageEventLocationManagerTests.m in Sources */ = {isa = PBXBuildFile; fileRef = 19CAAD431935173800610253 /* EngageEventLocationManagerTests.m */; };
		19CE433C1949717700FAC024 /* EngageEvent.m in Sources */ = {isa = PBXBuildFile; fileRef = 19CE433B1949717700FAC024 /* EngageEvent.m */; };
		19D24B7319088D6900855BC7 /* SystemConfiguration.framework in Frameworks */ = {isa = PBXBuildFile; fileRef = 19D24B7219088D6900855BC7 /* SystemConfiguration.framework */; };
		19E19692195B04C800175A32 /* UBFLocationNameAugmentationPlugin.m in Sources */ = {isa = PBXBuildFile; fileRef = 19E19691195B04C800175A32 /* UBFLocationNameAugmentationPlugin.m */; };
		19E19698195B0BC300175A32 /* UBFAugmentationPluginTests.m in Sources */ = {isa = PBXBuildFile; fileRef = 19E19697195B0BC300175A32 /* UBFAugmentationPluginTests.m */; };
		19EFC3851948B95C009BC128 /* EngageSDK.m in Sources */ = {isa = PBXBuildFile; fileRef = 19EFC3841948B95C009BC128 /* EngageSDK.m */; };
		19EFC38D1948BE3F009BC128 /* EngageConfigDefaults.plist in Resources */ = {isa = PBXBuildFile; fileRef = 19EFC38C1948BE3F009BC128 /* EngageConfigDefaults.plist */; };
		19EFC38E1948BE3F009BC128 /* EngageConfigDefaults.plist in Resources */ = {isa = PBXBuildFile; fileRef = 19EFC38C1948BE3F009BC128 /* EngageConfigDefaults.plist */; };
		6F2B2C1176094E9B8BFA405A /* libPods-EngageSDK.a in Frameworks */ = {isa = PBXBuildFile; fileRef = B97E49D16C704E8A94EC1FC7 /* libPods-EngageSDK.a */; };
		B26FCA4017A9868300629BC9 /* EngageResponseXML.m in Sources */ = {isa = PBXBuildFile; fileRef = B26FCA3E17A9868300629BC9 /* EngageResponseXML.m */; };
		B2B18273178B59400097EE6A /* Foundation.framework in Frameworks */ = {isa = PBXBuildFile; fileRef = B2B18272178B59400097EE6A /* Foundation.framework */; };
		B2B18285178B59400097EE6A /* Foundation.framework in Frameworks */ = {isa = PBXBuildFile; fileRef = B2B18272178B59400097EE6A /* Foundation.framework */; };
		B2B1828E178B59400097EE6A /* InfoPlist.strings in Resources */ = {isa = PBXBuildFile; fileRef = B2B1828C178B59400097EE6A /* InfoPlist.strings */; };
		B2C2A90517A9919C0058311A /* EngageClient.m in Sources */ = {isa = PBXBuildFile; fileRef = B2C2A8F717A9919C0058311A /* EngageClient.m */; };
		B2C2A90617A9919C0058311A /* EngageConfig.m in Sources */ = {isa = PBXBuildFile; fileRef = B2C2A8F917A9919C0058311A /* EngageConfig.m */; };
		B2C2A90717A9919C0058311A /* ResultDictionary.m in Sources */ = {isa = PBXBuildFile; fileRef = B2C2A8FC17A9919C0058311A /* ResultDictionary.m */; };
		B2C2A90817A9919C0058311A /* UBF.m in Sources */ = {isa = PBXBuildFile; fileRef = B2C2A8FE17A9919C0058311A /* UBF.m */; };
		B2C2A90917A9919C0058311A /* UBFClient.m in Sources */ = {isa = PBXBuildFile; fileRef = B2C2A90017A9919C0058311A /* UBFClient.m */; };
		B2C2A90A17A9919C0058311A /* XMLAPI.m in Sources */ = {isa = PBXBuildFile; fileRef = B2C2A90217A9919C0058311A /* XMLAPI.m */; };
		B2C2A90B17A9919C0058311A /* XMLAPIClient.m in Sources */ = {isa = PBXBuildFile; fileRef = B2C2A90417A9919C0058311A /* XMLAPIClient.m */; };
/* End PBXBuildFile section */

/* Begin PBXContainerItemProxy section */
		B2B18286178B59400097EE6A /* PBXContainerItemProxy */ = {
			isa = PBXContainerItemProxy;
			containerPortal = B2B18267178B59400097EE6A /* Project object */;
			proxyType = 1;
			remoteGlobalIDString = B2B1826E178B59400097EE6A;
			remoteInfo = EngageSDK;
		};
/* End PBXContainerItemProxy section */

/* Begin PBXCopyFilesBuildPhase section */
		B2B1826D178B59400097EE6A /* CopyFiles */ = {
			isa = PBXCopyFilesBuildPhase;
			buildActionMask = 2147483647;
			dstPath = "include/${PRODUCT_NAME}";
			dstSubfolderSpec = 16;
			files = (
			);
			runOnlyForDeploymentPostprocessing = 0;
		};
/* End PBXCopyFilesBuildPhase section */

/* Begin PBXFileReference section */
		190AB176190E8F2100C19FCE /* libPods-MobileDeepLinking-iOS.a */ = {isa = PBXFileReference; lastKnownFileType = archive.ar; name = "libPods-MobileDeepLinking-iOS.a"; path = "Pods/build/Debug-iphoneos/libPods-MobileDeepLinking-iOS.a"; sourceTree = "<group>"; };
		19153DD5190817F10086631B /* EngageLocalEventStore.h */ = {isa = PBXFileReference; fileEncoding = 4; lastKnownFileType = sourcecode.c.h; path = EngageLocalEventStore.h; sourceTree = "<group>"; };
		19153DD6190817F10086631B /* EngageLocalEventStore.m */ = {isa = PBXFileReference; fileEncoding = 4; lastKnownFileType = sourcecode.c.objc; path = EngageLocalEventStore.m; sourceTree = "<group>"; };
		1916728E1907063F001F25C9 /* CoreData.framework */ = {isa = PBXFileReference; lastKnownFileType = wrapper.framework; name = CoreData.framework; path = System/Library/Frameworks/CoreData.framework; sourceTree = SDKROOT; };
		191970741924FB1500C75CD8 /* TestUtils.h */ = {isa = PBXFileReference; fileEncoding = 4; lastKnownFileType = sourcecode.c.h; path = TestUtils.h; sourceTree = "<group>"; };
		191970751924FB1500C75CD8 /* TestUtils.m */ = {isa = PBXFileReference; fileEncoding = 4; lastKnownFileType = sourcecode.c.objc; path = TestUtils.m; sourceTree = "<group>"; };
		191970771925030900C75CD8 /* UBFManager.h */ = {isa = PBXFileReference; fileEncoding = 4; lastKnownFileType = sourcecode.c.h; path = UBFManager.h; sourceTree = "<group>"; };
		191970781925030900C75CD8 /* UBFManager.m */ = {isa = PBXFileReference; fileEncoding = 4; lastKnownFileType = sourcecode.c.objc; path = UBFManager.m; sourceTree = "<group>"; };
		1919707C1925064A00C75CD8 /* EngageEventLocationManager.h */ = {isa = PBXFileReference; fileEncoding = 4; lastKnownFileType = sourcecode.c.h; path = EngageEventLocationManager.h; sourceTree = "<group>"; };
		1919707D1925064A00C75CD8 /* EngageEventLocationManager.m */ = {isa = PBXFileReference; fileEncoding = 4; lastKnownFileType = sourcecode.c.objc; path = EngageEventLocationManager.m; sourceTree = "<group>"; };
		1919708319251EA700C75CD8 /* EngageDeepLinkManager.h */ = {isa = PBXFileReference; fileEncoding = 4; lastKnownFileType = sourcecode.c.h; path = EngageDeepLinkManager.h; sourceTree = "<group>"; };
		1919708419251EA700C75CD8 /* EngageDeepLinkManager.m */ = {isa = PBXFileReference; fileEncoding = 4; lastKnownFileType = sourcecode.c.objc; path = EngageDeepLinkManager.m; sourceTree = "<group>"; };
		1929A3421936197D00D3F044 /* EngageConfigManager.h */ = {isa = PBXFileReference; fileEncoding = 4; lastKnownFileType = sourcecode.c.h; path = EngageConfigManager.h; sourceTree = "<group>"; };
		1929A3431936197D00D3F044 /* EngageConfigManager.m */ = {isa = PBXFileReference; fileEncoding = 4; lastKnownFileType = sourcecode.c.objc; path = EngageConfigManager.m; sourceTree = "<group>"; };
		1929A3471936714100D3F044 /* EngageExpirationParser.h */ = {isa = PBXFileReference; fileEncoding = 4; lastKnownFileType = sourcecode.c.h; path = EngageExpirationParser.h; sourceTree = "<group>"; };
		1929A3481936714100D3F044 /* EngageExpirationParser.m */ = {isa = PBXFileReference; fileEncoding = 4; lastKnownFileType = sourcecode.c.objc; path = EngageExpirationParser.m; sourceTree = "<group>"; };
		1929A34A193675E300D3F044 /* EngageExpirationParserTests.m */ = {isa = PBXFileReference; fileEncoding = 4; lastKnownFileType = sourcecode.c.objc; path = EngageExpirationParserTests.m; sourceTree = "<group>"; };
		194C94B219216084004B8851 /* XCTest.framework */ = {isa = PBXFileReference; lastKnownFileType = wrapper.framework; name = XCTest.framework; path = Library/Frameworks/XCTest.framework; sourceTree = DEVELOPER_DIR; };
		194C94B41921612C004B8851 /* UBFClientTests.m */ = {isa = PBXFileReference; fileEncoding = 4; lastKnownFileType = sourcecode.c.objc; path = UBFClientTests.m; sourceTree = "<group>"; };
		194C94B619216494004B8851 /* libPods-EngageSDK.a */ = {isa = PBXFileReference; lastKnownFileType = archive.ar; name = "libPods-EngageSDK.a"; path = "Pods/build/Debug-iphoneos/libPods-EngageSDK.a"; sourceTree = "<group>"; };
		195EE3CF19B69D0400440128 /* UBFManagerTests.m */ = {isa = PBXFileReference; fileEncoding = 4; lastKnownFileType = sourcecode.c.objc; path = UBFManagerTests.m; sourceTree = "<group>"; };
		196246901938D2990038B453 /* EngageEventWrapper.h */ = {isa = PBXFileReference; fileEncoding = 4; lastKnownFileType = sourcecode.c.h; path = EngageEventWrapper.h; sourceTree = "<group>"; };
		196246911938D2990038B453 /* EngageEventWrapper.m */ = {isa = PBXFileReference; fileEncoding = 4; lastKnownFileType = sourcecode.c.objc; path = EngageEventWrapper.m; sourceTree = "<group>"; };
		197BBFF51946A128001F925C /* EngageConfigManagerTests.m */ = {isa = PBXFileReference; fileEncoding = 4; lastKnownFileType = sourcecode.c.objc; path = EngageConfigManagerTests.m; sourceTree = "<group>"; };
		197BBFF71946A68B001F925C /* XMLAPIManager.h */ = {isa = PBXFileReference; fileEncoding = 4; lastKnownFileType = sourcecode.c.h; path = XMLAPIManager.h; sourceTree = "<group>"; };
		197BBFF81946A68B001F925C /* XMLAPIManager.m */ = {isa = PBXFileReference; fileEncoding = 4; lastKnownFileType = sourcecode.c.objc; path = XMLAPIManager.m; sourceTree = "<group>"; };
		197BC00119472A8C001F925C /* UBFAugmentationManager.h */ = {isa = PBXFileReference; fileEncoding = 4; lastKnownFileType = sourcecode.c.h; path = UBFAugmentationManager.h; sourceTree = "<group>"; };
		197BC00219472A8C001F925C /* UBFAugmentationManager.m */ = {isa = PBXFileReference; fileEncoding = 4; lastKnownFileType = sourcecode.c.objc; path = UBFAugmentationManager.m; sourceTree = "<group>"; };
		197BC00819472AFB001F925C /* UBFCoordinatesAugmentationPlugin.h */ = {isa = PBXFileReference; fileEncoding = 4; lastKnownFileType = sourcecode.c.h; path = UBFCoordinatesAugmentationPlugin.h; sourceTree = "<group>"; };
		197BC00919472AFB001F925C /* UBFCoordinatesAugmentationPlugin.m */ = {isa = PBXFileReference; fileEncoding = 4; lastKnownFileType = sourcecode.c.objc; path = UBFCoordinatesAugmentationPlugin.m; sourceTree = "<group>"; };
		197BC00B19472B1C001F925C /* UBFAugmentationPluginProtocol.h */ = {isa = PBXFileReference; lastKnownFileType = sourcecode.c.h; path = UBFAugmentationPluginProtocol.h; sourceTree = "<group>"; };
		197BC00C19472B68001F925C /* UBFPlacemarkAugmentationPlugin.h */ = {isa = PBXFileReference; fileEncoding = 4; lastKnownFileType = sourcecode.c.h; path = UBFPlacemarkAugmentationPlugin.h; sourceTree = "<group>"; };
		197BC00D19472B68001F925C /* UBFPlacemarkAugmentationPlugin.m */ = {isa = PBXFileReference; fileEncoding = 4; lastKnownFileType = sourcecode.c.objc; path = UBFPlacemarkAugmentationPlugin.m; sourceTree = "<group>"; };
		197BC00F19473AF8001F925C /* UBFAugmentationOperation.h */ = {isa = PBXFileReference; fileEncoding = 4; lastKnownFileType = sourcecode.c.h; path = UBFAugmentationOperation.h; sourceTree = "<group>"; };
		197BC01019473AF8001F925C /* UBFAugmentationOperation.m */ = {isa = PBXFileReference; fileEncoding = 4; lastKnownFileType = sourcecode.c.objc; path = UBFAugmentationOperation.m; sourceTree = "<group>"; };
		198A2D3F19466D3400FF7AD8 /* XMLAPITest.m */ = {isa = PBXFileReference; fileEncoding = 4; lastKnownFileType = sourcecode.c.objc; path = XMLAPITest.m; sourceTree = "<group>"; };
		199843981925488C000B6B6B /* EngageDeepLinkManagerTests.m */ = {isa = PBXFileReference; fileEncoding = 4; lastKnownFileType = sourcecode.c.objc; path = EngageDeepLinkManagerTests.m; sourceTree = "<group>"; };
		19BFF1E41923AC5F004686B7 /* CoreLocation.framework */ = {isa = PBXFileReference; lastKnownFileType = wrapper.framework; name = CoreLocation.framework; path = System/Library/Frameworks/CoreLocation.framework; sourceTree = SDKROOT; };
		19BFF1E71923BFAE004686B7 /* UBFTests.m */ = {isa = PBXFileReference; fileEncoding = 4; lastKnownFileType = sourcecode.c.objc; path = UBFTests.m; sourceTree = "<group>"; };
		19BFF1E91923DE77004686B7 /* NotificationTests.m */ = {isa = PBXFileReference; fileEncoding = 4; lastKnownFileType = sourcecode.c.objc; path = NotificationTests.m; sourceTree = "<group>"; };
		19BFF1EB1923ED66004686B7 /* EngageLocalEventStoreTests.m */ = {isa = PBXFileReference; fileEncoding = 4; lastKnownFileType = sourcecode.c.objc; path = EngageLocalEventStoreTests.m; sourceTree = "<group>"; };
		19CAAD431935173800610253 /* EngageEventLocationManagerTests.m */ = {isa = PBXFileReference; fileEncoding = 4; lastKnownFileType = sourcecode.c.objc; path = EngageEventLocationManagerTests.m; sourceTree = "<group>"; };
		19CE433A1949717700FAC024 /* EngageEvent.h */ = {isa = PBXFileReference; fileEncoding = 4; lastKnownFileType = sourcecode.c.h; path = EngageEvent.h; sourceTree = "<group>"; };
		19CE433B1949717700FAC024 /* EngageEvent.m */ = {isa = PBXFileReference; fileEncoding = 4; lastKnownFileType = sourcecode.c.objc; path = EngageEvent.m; sourceTree = "<group>"; };
		19D24B7219088D6900855BC7 /* SystemConfiguration.framework */ = {isa = PBXFileReference; lastKnownFileType = wrapper.framework; name = SystemConfiguration.framework; path = System/Library/Frameworks/SystemConfiguration.framework; sourceTree = SDKROOT; };
		19E19690195B04C800175A32 /* UBFLocationNameAugmentationPlugin.h */ = {isa = PBXFileReference; fileEncoding = 4; lastKnownFileType = sourcecode.c.h; path = UBFLocationNameAugmentationPlugin.h; sourceTree = "<group>"; };
		19E19691195B04C800175A32 /* UBFLocationNameAugmentationPlugin.m */ = {isa = PBXFileReference; fileEncoding = 4; lastKnownFileType = sourcecode.c.objc; path = UBFLocationNameAugmentationPlugin.m; sourceTree = "<group>"; };
		19E19697195B0BC300175A32 /* UBFAugmentationPluginTests.m */ = {isa = PBXFileReference; fileEncoding = 4; lastKnownFileType = sourcecode.c.objc; path = UBFAugmentationPluginTests.m; sourceTree = "<group>"; };
		19EFC3831948B95C009BC128 /* EngageSDK.h */ = {isa = PBXFileReference; fileEncoding = 4; lastKnownFileType = sourcecode.c.h; path = EngageSDK.h; sourceTree = "<group>"; };
		19EFC3841948B95C009BC128 /* EngageSDK.m */ = {isa = PBXFileReference; fileEncoding = 4; lastKnownFileType = sourcecode.c.objc; path = EngageSDK.m; sourceTree = "<group>"; };
		19EFC38C1948BE3F009BC128 /* EngageConfigDefaults.plist */ = {isa = PBXFileReference; fileEncoding = 4; lastKnownFileType = text.plist.xml; path = EngageConfigDefaults.plist; sourceTree = "<group>"; };
		3D76863C004B4A1AAEE87550 /* libPods.a */ = {isa = PBXFileReference; explicitFileType = archive.ar; includeInIndex = 0; path = libPods.a; sourceTree = BUILT_PRODUCTS_DIR; };
		58E88B3398DE4FB9ACCCD08F /* Pods-EngageSDK.xcconfig */ = {isa = PBXFileReference; includeInIndex = 1; lastKnownFileType = text.xcconfig; name = "Pods-EngageSDK.xcconfig"; path = "Pods/Pods-EngageSDK.xcconfig"; sourceTree = "<group>"; };
		A5FD0612C1554177BB0F9A4A /* libPods-EngageSDKTests.a */ = {isa = PBXFileReference; explicitFileType = archive.ar; includeInIndex = 0; path = "libPods-EngageSDKTests.a"; sourceTree = BUILT_PRODUCTS_DIR; };
		B137306FE3E7425F894C838C /* Pods-EngageSDKTests.xcconfig */ = {isa = PBXFileReference; includeInIndex = 1; lastKnownFileType = text.xcconfig; name = "Pods-EngageSDKTests.xcconfig"; path = "Pods/Pods-EngageSDKTests.xcconfig"; sourceTree = "<group>"; };
		B26FCA3D17A9868300629BC9 /* EngageResponseXML.h */ = {isa = PBXFileReference; fileEncoding = 4; lastKnownFileType = sourcecode.c.h; path = EngageResponseXML.h; sourceTree = "<group>"; };
		B26FCA3E17A9868300629BC9 /* EngageResponseXML.m */ = {isa = PBXFileReference; fileEncoding = 4; lastKnownFileType = sourcecode.c.objc; path = EngageResponseXML.m; sourceTree = "<group>"; };
		B2B1826F178B59400097EE6A /* libEngageSDK.a */ = {isa = PBXFileReference; explicitFileType = archive.ar; includeInIndex = 0; path = libEngageSDK.a; sourceTree = BUILT_PRODUCTS_DIR; };
		B2B18272178B59400097EE6A /* Foundation.framework */ = {isa = PBXFileReference; lastKnownFileType = wrapper.framework; name = Foundation.framework; path = System/Library/Frameworks/Foundation.framework; sourceTree = SDKROOT; };
		B2B18276178B59400097EE6A /* EngageSDK-Prefix.pch */ = {isa = PBXFileReference; lastKnownFileType = sourcecode.c.h; path = "EngageSDK-Prefix.pch"; sourceTree = "<group>"; };
		B2B18280178B59400097EE6A /* EngageSDKTests.xctest */ = {isa = PBXFileReference; explicitFileType = wrapper.cfbundle; includeInIndex = 0; path = EngageSDKTests.xctest; sourceTree = BUILT_PRODUCTS_DIR; };
		B2B18283178B59400097EE6A /* UIKit.framework */ = {isa = PBXFileReference; lastKnownFileType = wrapper.framework; name = UIKit.framework; path = Library/Frameworks/UIKit.framework; sourceTree = DEVELOPER_DIR; };
		B2B1828B178B59400097EE6A /* EngageSDKTests-Info.plist */ = {isa = PBXFileReference; lastKnownFileType = text.plist.xml; path = "EngageSDKTests-Info.plist"; sourceTree = "<group>"; };
		B2B1828D178B59400097EE6A /* en */ = {isa = PBXFileReference; lastKnownFileType = text.plist.strings; name = en; path = en.lproj/InfoPlist.strings; sourceTree = "<group>"; };
		B2C2A8F617A9919C0058311A /* EngageClient.h */ = {isa = PBXFileReference; fileEncoding = 4; lastKnownFileType = sourcecode.c.h; path = EngageClient.h; sourceTree = "<group>"; };
		B2C2A8F717A9919C0058311A /* EngageClient.m */ = {isa = PBXFileReference; fileEncoding = 4; lastKnownFileType = sourcecode.c.objc; path = EngageClient.m; sourceTree = "<group>"; };
		B2C2A8F817A9919C0058311A /* EngageConfig.h */ = {isa = PBXFileReference; fileEncoding = 4; lastKnownFileType = sourcecode.c.h; path = EngageConfig.h; sourceTree = "<group>"; };
		B2C2A8F917A9919C0058311A /* EngageConfig.m */ = {isa = PBXFileReference; fileEncoding = 4; lastKnownFileType = sourcecode.c.objc; path = EngageConfig.m; sourceTree = "<group>"; };
		B2C2A8FB17A9919C0058311A /* ResultDictionary.h */ = {isa = PBXFileReference; fileEncoding = 4; lastKnownFileType = sourcecode.c.h; path = ResultDictionary.h; sourceTree = "<group>"; };
		B2C2A8FC17A9919C0058311A /* ResultDictionary.m */ = {isa = PBXFileReference; fileEncoding = 4; lastKnownFileType = sourcecode.c.objc; path = ResultDictionary.m; sourceTree = "<group>"; };
		B2C2A8FD17A9919C0058311A /* UBF.h */ = {isa = PBXFileReference; fileEncoding = 4; lastKnownFileType = sourcecode.c.h; path = UBF.h; sourceTree = "<group>"; };
		B2C2A8FE17A9919C0058311A /* UBF.m */ = {isa = PBXFileReference; fileEncoding = 4; lastKnownFileType = sourcecode.c.objc; path = UBF.m; sourceTree = "<group>"; };
		B2C2A8FF17A9919C0058311A /* UBFClient.h */ = {isa = PBXFileReference; fileEncoding = 4; lastKnownFileType = sourcecode.c.h; path = UBFClient.h; sourceTree = "<group>"; };
		B2C2A90017A9919C0058311A /* UBFClient.m */ = {isa = PBXFileReference; fileEncoding = 4; lastKnownFileType = sourcecode.c.objc; path = UBFClient.m; sourceTree = "<group>"; };
		B2C2A90117A9919C0058311A /* XMLAPI.h */ = {isa = PBXFileReference; fileEncoding = 4; lastKnownFileType = sourcecode.c.h; path = XMLAPI.h; sourceTree = "<group>"; };
		B2C2A90217A9919C0058311A /* XMLAPI.m */ = {isa = PBXFileReference; fileEncoding = 4; lastKnownFileType = sourcecode.c.objc; path = XMLAPI.m; sourceTree = "<group>"; };
		B2C2A90317A9919C0058311A /* XMLAPIClient.h */ = {isa = PBXFileReference; fileEncoding = 4; lastKnownFileType = sourcecode.c.h; path = XMLAPIClient.h; sourceTree = "<group>"; };
		B2C2A90417A9919C0058311A /* XMLAPIClient.m */ = {isa = PBXFileReference; fileEncoding = 4; lastKnownFileType = sourcecode.c.objc; path = XMLAPIClient.m; sourceTree = "<group>"; };
		B97E49D16C704E8A94EC1FC7 /* libPods-EngageSDK.a */ = {isa = PBXFileReference; explicitFileType = archive.ar; includeInIndex = 0; path = "libPods-EngageSDK.a"; sourceTree = BUILT_PRODUCTS_DIR; };
/* End PBXFileReference section */

/* Begin PBXFrameworksBuildPhase section */
		B2B1826C178B59400097EE6A /* Frameworks */ = {
			isa = PBXFrameworksBuildPhase;
			buildActionMask = 2147483647;
			files = (
				19BFF1E51923AC5F004686B7 /* CoreLocation.framework in Frameworks */,
				19D24B7319088D6900855BC7 /* SystemConfiguration.framework in Frameworks */,
				1916728F1907063F001F25C9 /* CoreData.framework in Frameworks */,
				B2B18273178B59400097EE6A /* Foundation.framework in Frameworks */,
				6F2B2C1176094E9B8BFA405A /* libPods-EngageSDK.a in Frameworks */,
			);
			runOnlyForDeploymentPostprocessing = 0;
		};
		B2B1827C178B59400097EE6A /* Frameworks */ = {
			isa = PBXFrameworksBuildPhase;
			buildActionMask = 2147483647;
			files = (
				19075406193BA2BC00C6AE2E /* libEngageSDK.a in Frameworks */,
				19BFF1E61923AC67004686B7 /* CoreLocation.framework in Frameworks */,
				194C94B819216CB0004B8851 /* SystemConfiguration.framework in Frameworks */,
				194C94B119216032004B8851 /* CoreData.framework in Frameworks */,
				B2B18285178B59400097EE6A /* Foundation.framework in Frameworks */,
			);
			runOnlyForDeploymentPostprocessing = 0;
		};
/* End PBXFrameworksBuildPhase section */

/* Begin PBXGroup section */
		190753F4193B987800C6AE2E /* deeplinking */ = {
			isa = PBXGroup;
			children = (
				1919708319251EA700C75CD8 /* EngageDeepLinkManager.h */,
				1919708419251EA700C75CD8 /* EngageDeepLinkManager.m */,
			);
			name = deeplinking;
			sourceTree = "<group>";
		};
		190753FE193BA16300C6AE2E /* network */ = {
			isa = PBXGroup;
			children = (
				B2C2A8F617A9919C0058311A /* EngageClient.h */,
				B2C2A8F717A9919C0058311A /* EngageClient.m */,
				B2C2A8FF17A9919C0058311A /* UBFClient.h */,
				B2C2A90017A9919C0058311A /* UBFClient.m */,
				B2C2A90317A9919C0058311A /* XMLAPIClient.h */,
				B2C2A90417A9919C0058311A /* XMLAPIClient.m */,
			);
			name = network;
			sourceTree = "<group>";
		};
		190753FF193BA18700C6AE2E /* db */ = {
			isa = PBXGroup;
			children = (
				19153DD5190817F10086631B /* EngageLocalEventStore.h */,
				19153DD6190817F10086631B /* EngageLocalEventStore.m */,
			);
			name = db;
			sourceTree = "<group>";
		};
		19075400193BA1E100C6AE2E /* db */ = {
			isa = PBXGroup;
			children = (
				19BFF1EB1923ED66004686B7 /* EngageLocalEventStoreTests.m */,
			);
			name = db;
			sourceTree = "<group>";
		};
		19075401193BA1EB00C6AE2E /* network */ = {
			isa = PBXGroup;
			children = (
				194C94B41921612C004B8851 /* UBFClientTests.m */,
			);
			name = network;
			sourceTree = "<group>";
		};
		19075402193BA1F400C6AE2E /* deeplinking */ = {
			isa = PBXGroup;
			children = (
				199843981925488C000B6B6B /* EngageDeepLinkManagerTests.m */,
			);
			name = deeplinking;
			sourceTree = "<group>";
		};
		19075403193BA1FD00C6AE2E /* model */ = {
			isa = PBXGroup;
			children = (
				19BFF1E71923BFAE004686B7 /* UBFTests.m */,
				198A2D3F19466D3400FF7AD8 /* XMLAPITest.m */,
			);
			name = model;
			sourceTree = "<group>";
		};
		19075404193BA20F00C6AE2E /* util */ = {
			isa = PBXGroup;
			children = (
				1929A34A193675E300D3F044 /* EngageExpirationParserTests.m */,
			);
			name = util;
			sourceTree = "<group>";
		};
		19075405193BA22E00C6AE2E /* location */ = {
			isa = PBXGroup;
			children = (
				19CAAD431935173800610253 /* EngageEventLocationManagerTests.m */,
			);
			name = location;
			sourceTree = "<group>";
		};
		1929A3411936196600D3F044 /* configuration */ = {
			isa = PBXGroup;
			children = (
				B2C2A8F817A9919C0058311A /* EngageConfig.h */,
				B2C2A8F917A9919C0058311A /* EngageConfig.m */,
				1929A3421936197D00D3F044 /* EngageConfigManager.h */,
				1929A3431936197D00D3F044 /* EngageConfigManager.m */,
			);
			name = configuration;
			sourceTree = "<group>";
		};
		1929A34519362D4F00D3F044 /* location */ = {
			isa = PBXGroup;
			children = (
				1919707C1925064A00C75CD8 /* EngageEventLocationManager.h */,
				1919707D1925064A00C75CD8 /* EngageEventLocationManager.m */,
			);
			name = location;
			sourceTree = "<group>";
		};
		1929A3461936712E00D3F044 /* util */ = {
			isa = PBXGroup;
			children = (
				1929A3471936714100D3F044 /* EngageExpirationParser.h */,
				1929A3481936714100D3F044 /* EngageExpirationParser.m */,
			);
			name = util;
			sourceTree = "<group>";
		};
		195EE3CE19B69CB000440128 /* manager */ = {
			isa = PBXGroup;
			children = (
				195EE3CF19B69D0400440128 /* UBFManagerTests.m */,
			);
			name = manager;
			sourceTree = "<group>";
		};
		196246961939354E0038B453 /* model */ = {
			isa = PBXGroup;
			children = (
				19CE433A1949717700FAC024 /* EngageEvent.h */,
				19CE433B1949717700FAC024 /* EngageEvent.m */,
				B2C2A8FD17A9919C0058311A /* UBF.h */,
				B2C2A8FE17A9919C0058311A /* UBF.m */,
				B2C2A90117A9919C0058311A /* XMLAPI.h */,
				B2C2A90217A9919C0058311A /* XMLAPI.m */,
				B2C2A8FB17A9919C0058311A /* ResultDictionary.h */,
				B2C2A8FC17A9919C0058311A /* ResultDictionary.m */,
				196246901938D2990038B453 /* EngageEventWrapper.h */,
				196246911938D2990038B453 /* EngageEventWrapper.m */,
			);
			name = model;
			sourceTree = "<group>";
		};
		197BBFFA19472A15001F925C /* augmentation */ = {
			isa = PBXGroup;
			children = (
				197BC00419472AC1001F925C /* plugins */,
				197BC00119472A8C001F925C /* UBFAugmentationManager.h */,
				197BC00219472A8C001F925C /* UBFAugmentationManager.m */,
				197BC00F19473AF8001F925C /* UBFAugmentationOperation.h */,
				197BC01019473AF8001F925C /* UBFAugmentationOperation.m */,
			);
			name = augmentation;
			sourceTree = "<group>";
		};
		197BC00419472AC1001F925C /* plugins */ = {
			isa = PBXGroup;
			children = (
				197BC00819472AFB001F925C /* UBFCoordinatesAugmentationPlugin.h */,
				197BC00919472AFB001F925C /* UBFCoordinatesAugmentationPlugin.m */,
				197BC00B19472B1C001F925C /* UBFAugmentationPluginProtocol.h */,
				197BC00C19472B68001F925C /* UBFPlacemarkAugmentationPlugin.h */,
				197BC00D19472B68001F925C /* UBFPlacemarkAugmentationPlugin.m */,
				19E19690195B04C800175A32 /* UBFLocationNameAugmentationPlugin.h */,
				19E19691195B04C800175A32 /* UBFLocationNameAugmentationPlugin.m */,
			);
			name = plugins;
			sourceTree = "<group>";
		};
		19E19693195B0B7200175A32 /* augmentation */ = {
			isa = PBXGroup;
			children = (
				19E19697195B0BC300175A32 /* UBFAugmentationPluginTests.m */,
			);
			name = augmentation;
			sourceTree = "<group>";
		};
		19E19699195B28CB00175A32 /* config */ = {
			isa = PBXGroup;
			children = (
				197BBFF51946A128001F925C /* EngageConfigManagerTests.m */,
			);
			name = config;
			sourceTree = "<group>";
		};
		19E1969A195B290500175A32 /* notification */ = {
			isa = PBXGroup;
			children = (
				19BFF1E91923DE77004686B7 /* NotificationTests.m */,
			);
			name = notification;
			sourceTree = "<group>";
		};
		19EFC38B1948BE3F009BC128 /* Resources */ = {
			isa = PBXGroup;
			children = (
				19EFC38C1948BE3F009BC128 /* EngageConfigDefaults.plist */,
			);
			path = Resources;
			sourceTree = "<group>";
		};
		B26FCA3A17A9868300629BC9 /* Private */ = {
			isa = PBXGroup;
			children = (
				B26FCA3D17A9868300629BC9 /* EngageResponseXML.h */,
				B26FCA3E17A9868300629BC9 /* EngageResponseXML.m */,
			);
			path = Private;
			sourceTree = "<group>";
		};
		B2B18266178B59400097EE6A = {
			isa = PBXGroup;
			children = (
				19EFC38B1948BE3F009BC128 /* Resources */,
				B2B18274178B59400097EE6A /* EngageSDK */,
				B2B18289178B59400097EE6A /* EngageSDKTests */,
				B2B18271178B59400097EE6A /* Frameworks */,
				B2B18270178B59400097EE6A /* Products */,
				58E88B3398DE4FB9ACCCD08F /* Pods-EngageSDK.xcconfig */,
				B137306FE3E7425F894C838C /* Pods-EngageSDKTests.xcconfig */,
			);
			sourceTree = "<group>";
		};
		B2B18270178B59400097EE6A /* Products */ = {
			isa = PBXGroup;
			children = (
				B2B1826F178B59400097EE6A /* libEngageSDK.a */,
				B2B18280178B59400097EE6A /* EngageSDKTests.xctest */,
			);
			name = Products;
			sourceTree = "<group>";
		};
		B2B18271178B59400097EE6A /* Frameworks */ = {
			isa = PBXGroup;
			children = (
				19BFF1E41923AC5F004686B7 /* CoreLocation.framework */,
				194C94B619216494004B8851 /* libPods-EngageSDK.a */,
				194C94B219216084004B8851 /* XCTest.framework */,
				190AB176190E8F2100C19FCE /* libPods-MobileDeepLinking-iOS.a */,
				19D24B7219088D6900855BC7 /* SystemConfiguration.framework */,
				1916728E1907063F001F25C9 /* CoreData.framework */,
				B2B18272178B59400097EE6A /* Foundation.framework */,
				B2B18283178B59400097EE6A /* UIKit.framework */,
				3D76863C004B4A1AAEE87550 /* libPods.a */,
				B97E49D16C704E8A94EC1FC7 /* libPods-EngageSDK.a */,
				A5FD0612C1554177BB0F9A4A /* libPods-EngageSDKTests.a */,
			);
			name = Frameworks;
			sourceTree = "<group>";
		};
		B2B18274178B59400097EE6A /* EngageSDK */ = {
			isa = PBXGroup;
			children = (
				B2C2A8F517A9919C0058311A /* Public */,
				B26FCA3A17A9868300629BC9 /* Private */,
				B2B18275178B59400097EE6A /* Supporting Files */,
			);
			path = EngageSDK;
			sourceTree = "<group>";
		};
		B2B18275178B59400097EE6A /* Supporting Files */ = {
			isa = PBXGroup;
			children = (
				B2B18276178B59400097EE6A /* EngageSDK-Prefix.pch */,
			);
			name = "Supporting Files";
			sourceTree = "<group>";
		};
		B2B18289178B59400097EE6A /* EngageSDKTests */ = {
			isa = PBXGroup;
			children = (
				195EE3CE19B69CB000440128 /* manager */,
				19E1969A195B290500175A32 /* notification */,
				19E19699195B28CB00175A32 /* config */,
				19E19693195B0B7200175A32 /* augmentation */,
				19075405193BA22E00C6AE2E /* location */,
				19075404193BA20F00C6AE2E /* util */,
				19075403193BA1FD00C6AE2E /* model */,
				19075402193BA1F400C6AE2E /* deeplinking */,
				19075401193BA1EB00C6AE2E /* network */,
				19075400193BA1E100C6AE2E /* db */,
				B2B1828A178B59400097EE6A /* Supporting Files */,
				191970741924FB1500C75CD8 /* TestUtils.h */,
				191970751924FB1500C75CD8 /* TestUtils.m */,
			);
			path = EngageSDKTests;
			sourceTree = "<group>";
		};
		B2B1828A178B59400097EE6A /* Supporting Files */ = {
			isa = PBXGroup;
			children = (
				B2B1828B178B59400097EE6A /* EngageSDKTests-Info.plist */,
				B2B1828C178B59400097EE6A /* InfoPlist.strings */,
			);
			name = "Supporting Files";
			sourceTree = "<group>";
		};
		B2C2A8F517A9919C0058311A /* Public */ = {
			isa = PBXGroup;
			children = (
				197BBFFA19472A15001F925C /* augmentation */,
				190753FF193BA18700C6AE2E /* db */,
				190753FE193BA16300C6AE2E /* network */,
				190753F4193B987800C6AE2E /* deeplinking */,
				196246961939354E0038B453 /* model */,
				1929A3461936712E00D3F044 /* util */,
				1929A34519362D4F00D3F044 /* location */,
				1929A3411936196600D3F044 /* configuration */,
				191970771925030900C75CD8 /* UBFManager.h */,
				191970781925030900C75CD8 /* UBFManager.m */,
				197BBFF71946A68B001F925C /* XMLAPIManager.h */,
				197BBFF81946A68B001F925C /* XMLAPIManager.m */,
				19EFC3831948B95C009BC128 /* EngageSDK.h */,
				19EFC3841948B95C009BC128 /* EngageSDK.m */,
			);
			path = Public;
			sourceTree = "<group>";
		};
/* End PBXGroup section */

/* Begin PBXNativeTarget section */
		B2B1826E178B59400097EE6A /* EngageSDK */ = {
			isa = PBXNativeTarget;
			buildConfigurationList = B2B18294178B59400097EE6A /* Build configuration list for PBXNativeTarget "EngageSDK" */;
			buildPhases = (
				A63D0B7422A041F49B2EEFA4 /* Check Pods Manifest.lock */,
				B2B1826B178B59400097EE6A /* Sources */,
				B2B1826C178B59400097EE6A /* Frameworks */,
				B2B1826D178B59400097EE6A /* CopyFiles */,
				BAD040B135AD46F3A2AA544E /* Copy Pods Resources */,
				194C94FF19217646004B8851 /* Resources */,
			);
			buildRules = (
			);
			dependencies = (
			);
			name = EngageSDK;
			productName = EngageSDK;
			productReference = B2B1826F178B59400097EE6A /* libEngageSDK.a */;
			productType = "com.apple.product-type.library.static";
		};
		B2B1827F178B59400097EE6A /* EngageSDKTests */ = {
			isa = PBXNativeTarget;
			buildConfigurationList = B2B18297178B59400097EE6A /* Build configuration list for PBXNativeTarget "EngageSDKTests" */;
			buildPhases = (
				3AF2AC1FD2B847B795CBE3F6 /* Check Pods Manifest.lock */,
				B2B1827B178B59400097EE6A /* Sources */,
				B2B1827C178B59400097EE6A /* Frameworks */,
				B2B1827D178B59400097EE6A /* Resources */,
				F3E8A14F3998498EB46F56E9 /* Copy Pods Resources */,
			);
			buildRules = (
			);
			dependencies = (
				B2B18287178B59400097EE6A /* PBXTargetDependency */,
			);
			name = EngageSDKTests;
			productName = EngageSDKTests;
			productReference = B2B18280178B59400097EE6A /* EngageSDKTests.xctest */;
			productType = "com.apple.product-type.bundle.unit-test";
		};
/* End PBXNativeTarget section */

/* Begin PBXProject section */
		B2B18267178B59400097EE6A /* Project object */ = {
			isa = PBXProject;
			attributes = {
				LastUpgradeCheck = 0460;
				ORGANIZATIONNAME = Silverpop;
			};
			buildConfigurationList = B2B1826A178B59400097EE6A /* Build configuration list for PBXProject "EngageSDK" */;
			compatibilityVersion = "Xcode 3.2";
			developmentRegion = English;
			hasScannedForEncodings = 0;
			knownRegions = (
				en,
			);
			mainGroup = B2B18266178B59400097EE6A;
			productRefGroup = B2B18270178B59400097EE6A /* Products */;
			projectDirPath = "";
			projectRoot = "";
			targets = (
				B2B1826E178B59400097EE6A /* EngageSDK */,
				B2B1827F178B59400097EE6A /* EngageSDKTests */,
			);
		};
/* End PBXProject section */

/* Begin PBXResourcesBuildPhase section */
		194C94FF19217646004B8851 /* Resources */ = {
			isa = PBXResourcesBuildPhase;
			buildActionMask = 2147483647;
			files = (
				19EFC38D1948BE3F009BC128 /* EngageConfigDefaults.plist in Resources */,
			);
			runOnlyForDeploymentPostprocessing = 0;
		};
		B2B1827D178B59400097EE6A /* Resources */ = {
			isa = PBXResourcesBuildPhase;
			buildActionMask = 2147483647;
			files = (
				B2B1828E178B59400097EE6A /* InfoPlist.strings in Resources */,
				19EFC38E1948BE3F009BC128 /* EngageConfigDefaults.plist in Resources */,
			);
			runOnlyForDeploymentPostprocessing = 0;
		};
/* End PBXResourcesBuildPhase section */

/* Begin PBXShellScriptBuildPhase section */
		3AF2AC1FD2B847B795CBE3F6 /* Check Pods Manifest.lock */ = {
			isa = PBXShellScriptBuildPhase;
			buildActionMask = 2147483647;
			files = (
			);
			inputPaths = (
			);
			name = "Check Pods Manifest.lock";
			outputPaths = (
			);
			runOnlyForDeploymentPostprocessing = 0;
			shellPath = /bin/sh;
			shellScript = "diff \"${PODS_ROOT}/../Podfile.lock\" \"${PODS_ROOT}/Manifest.lock\" > /dev/null\nif [[ $? != 0 ]] ; then\n    cat << EOM\nerror: The sandbox is not in sync with the Podfile.lock. Run 'pod install' or update your CocoaPods installation.\nEOM\n    exit 1\nfi\n";
			showEnvVarsInLog = 0;
		};
		A63D0B7422A041F49B2EEFA4 /* Check Pods Manifest.lock */ = {
			isa = PBXShellScriptBuildPhase;
			buildActionMask = 2147483647;
			files = (
			);
			inputPaths = (
			);
			name = "Check Pods Manifest.lock";
			outputPaths = (
			);
			runOnlyForDeploymentPostprocessing = 0;
			shellPath = /bin/sh;
			shellScript = "diff \"${PODS_ROOT}/../Podfile.lock\" \"${PODS_ROOT}/Manifest.lock\" > /dev/null\nif [[ $? != 0 ]] ; then\n    cat << EOM\nerror: The sandbox is not in sync with the Podfile.lock. Run 'pod install' or update your CocoaPods installation.\nEOM\n    exit 1\nfi\n";
			showEnvVarsInLog = 0;
		};
		BAD040B135AD46F3A2AA544E /* Copy Pods Resources */ = {
			isa = PBXShellScriptBuildPhase;
			buildActionMask = 2147483647;
			files = (
			);
			inputPaths = (
			);
			name = "Copy Pods Resources";
			outputPaths = (
			);
			runOnlyForDeploymentPostprocessing = 0;
			shellPath = /bin/sh;
			shellScript = "\"${SRCROOT}/Pods/Pods-EngageSDK-resources.sh\"\n";
			showEnvVarsInLog = 0;
		};
		F3E8A14F3998498EB46F56E9 /* Copy Pods Resources */ = {
			isa = PBXShellScriptBuildPhase;
			buildActionMask = 2147483647;
			files = (
			);
			inputPaths = (
			);
			name = "Copy Pods Resources";
			outputPaths = (
			);
			runOnlyForDeploymentPostprocessing = 0;
			shellPath = /bin/sh;
			shellScript = "\"${SRCROOT}/Pods/Pods-EngageSDK-resources.sh\"\n";
			showEnvVarsInLog = 0;
		};
/* End PBXShellScriptBuildPhase section */

/* Begin PBXSourcesBuildPhase section */
		B2B1826B178B59400097EE6A /* Sources */ = {
			isa = PBXSourcesBuildPhase;
			buildActionMask = 2147483647;
			files = (
				197BC00A19472AFB001F925C /* UBFCoordinatesAugmentationPlugin.m in Sources */,
				19EFC3851948B95C009BC128 /* EngageSDK.m in Sources */,
				197BC00E19472B68001F925C /* UBFPlacemarkAugmentationPlugin.m in Sources */,
				B26FCA4017A9868300629BC9 /* EngageResponseXML.m in Sources */,
				1929A3491936714100D3F044 /* EngageExpirationParser.m in Sources */,
				B2C2A90517A9919C0058311A /* EngageClient.m in Sources */,
				19E19692195B04C800175A32 /* UBFLocationNameAugmentationPlugin.m in Sources */,
				19CE433C1949717700FAC024 /* EngageEvent.m in Sources */,
				1919708519251EA700C75CD8 /* EngageDeepLinkManager.m in Sources */,
				B2C2A90617A9919C0058311A /* EngageConfig.m in Sources */,
				1919707E1925064A00C75CD8 /* EngageEventLocationManager.m in Sources */,
				197BC00319472A8C001F925C /* UBFAugmentationManager.m in Sources */,
				B2C2A90717A9919C0058311A /* ResultDictionary.m in Sources */,
				B2C2A90817A9919C0058311A /* UBF.m in Sources */,
				197BC01119473AF8001F925C /* UBFAugmentationOperation.m in Sources */,
				196246921938D2990038B453 /* EngageEventWrapper.m in Sources */,
				B2C2A90917A9919C0058311A /* UBFClient.m in Sources */,
				B2C2A90A17A9919C0058311A /* XMLAPI.m in Sources */,
				1929A3441936197D00D3F044 /* EngageConfigManager.m in Sources */,
				19153DD7190817F10086631B /* EngageLocalEventStore.m in Sources */,
				197BBFF91946A68B001F925C /* XMLAPIManager.m in Sources */,
				B2C2A90B17A9919C0058311A /* XMLAPIClient.m in Sources */,
				191970791925030900C75CD8 /* UBFManager.m in Sources */,
			);
			runOnlyForDeploymentPostprocessing = 0;
		};
		B2B1827B178B59400097EE6A /* Sources */ = {
			isa = PBXSourcesBuildPhase;
			buildActionMask = 2147483647;
			files = (
				197BBFF61946A128001F925C /* EngageConfigManagerTests.m in Sources */,
				19BFF1EA1923DE77004686B7 /* NotificationTests.m in Sources */,
				194C94B51921612C004B8851 /* UBFClientTests.m in Sources */,
				19BFF1E81923BFAE004686B7 /* UBFTests.m in Sources */,
				1929A34B193675E300D3F044 /* EngageExpirationParserTests.m in Sources */,
				198A2D4019466D3400FF7AD8 /* XMLAPITest.m in Sources */,
				19BFF1EC1923ED66004686B7 /* EngageLocalEventStoreTests.m in Sources */,
				19CAAD441935173800610253 /* EngageEventLocationManagerTests.m in Sources */,
				199843991925488C000B6B6B /* EngageDeepLinkManagerTests.m in Sources */,
				19E19698195B0BC300175A32 /* UBFAugmentationPluginTests.m in Sources */,
				191970761924FB1500C75CD8 /* TestUtils.m in Sources */,
				195EE3D019B69D0400440128 /* UBFManagerTests.m in Sources */,
			);
			runOnlyForDeploymentPostprocessing = 0;
		};
/* End PBXSourcesBuildPhase section */

/* Begin PBXTargetDependency section */
		B2B18287178B59400097EE6A /* PBXTargetDependency */ = {
			isa = PBXTargetDependency;
			target = B2B1826E178B59400097EE6A /* EngageSDK */;
			targetProxy = B2B18286178B59400097EE6A /* PBXContainerItemProxy */;
		};
/* End PBXTargetDependency section */

/* Begin PBXVariantGroup section */
		B2B1828C178B59400097EE6A /* InfoPlist.strings */ = {
			isa = PBXVariantGroup;
			children = (
				B2B1828D178B59400097EE6A /* en */,
			);
			name = InfoPlist.strings;
			sourceTree = "<group>";
		};
/* End PBXVariantGroup section */

/* Begin XCBuildConfiguration section */
		B2B18292178B59400097EE6A /* Debug */ = {
			isa = XCBuildConfiguration;
			buildSettings = {
				ALWAYS_SEARCH_USER_PATHS = NO;
				CLANG_CXX_LANGUAGE_STANDARD = "gnu++0x";
				CLANG_CXX_LIBRARY = "libc++";
				CLANG_ENABLE_OBJC_ARC = YES;
				CLANG_WARN_CONSTANT_CONVERSION = YES;
				CLANG_WARN_EMPTY_BODY = YES;
				CLANG_WARN_ENUM_CONVERSION = YES;
				CLANG_WARN_INT_CONVERSION = YES;
				CLANG_WARN__DUPLICATE_METHOD_MATCH = YES;
				COPY_PHASE_STRIP = NO;
				GCC_C_LANGUAGE_STANDARD = gnu99;
				GCC_DYNAMIC_NO_PIC = NO;
				GCC_OPTIMIZATION_LEVEL = 0;
				GCC_PREPROCESSOR_DEFINITIONS = (
					"DEBUG=1",
					"$(inherited)",
				);
				GCC_SYMBOLS_PRIVATE_EXTERN = NO;
				GCC_WARN_ABOUT_RETURN_TYPE = YES;
				GCC_WARN_UNINITIALIZED_AUTOS = YES;
				GCC_WARN_UNUSED_VARIABLE = YES;
				IPHONEOS_DEPLOYMENT_TARGET = 7.0;
				ONLY_ACTIVE_ARCH = YES;
				SDKROOT = iphoneos;
			};
			name = Debug;
		};
		B2B18293178B59400097EE6A /* Release */ = {
			isa = XCBuildConfiguration;
			buildSettings = {
				ALWAYS_SEARCH_USER_PATHS = NO;
				CLANG_CXX_LANGUAGE_STANDARD = "gnu++0x";
				CLANG_CXX_LIBRARY = "libc++";
				CLANG_ENABLE_OBJC_ARC = YES;
				CLANG_WARN_CONSTANT_CONVERSION = YES;
				CLANG_WARN_EMPTY_BODY = YES;
				CLANG_WARN_ENUM_CONVERSION = YES;
				CLANG_WARN_INT_CONVERSION = YES;
				CLANG_WARN__DUPLICATE_METHOD_MATCH = YES;
				COPY_PHASE_STRIP = YES;
				GCC_C_LANGUAGE_STANDARD = gnu99;
				GCC_WARN_ABOUT_RETURN_TYPE = YES;
				GCC_WARN_UNINITIALIZED_AUTOS = YES;
				GCC_WARN_UNUSED_VARIABLE = YES;
				IPHONEOS_DEPLOYMENT_TARGET = 7.0;
				SDKROOT = iphoneos;
				VALIDATE_PRODUCT = YES;
			};
			name = Release;
		};
		B2B18295178B59400097EE6A /* Debug */ = {
			isa = XCBuildConfiguration;
			baseConfigurationReference = 58E88B3398DE4FB9ACCCD08F /* Pods-EngageSDK.xcconfig */;
			buildSettings = {
				DSTROOT = /tmp/EngageSDK.dst;
				GCC_PRECOMPILE_PREFIX_HEADER = YES;
				GCC_PREFIX_HEADER = "EngageSDK/EngageSDK-Prefix.pch";
				IPHONEOS_DEPLOYMENT_TARGET = 7.1;
				LIBRARY_SEARCH_PATHS = (
					"$(inherited)",
					"$(PROJECT_DIR)/Pods/build/Debug-iphoneos",
				);
				OTHER_LDFLAGS = "-ObjC";
				PRODUCT_NAME = "$(TARGET_NAME)";
				SKIP_INSTALL = YES;
			};
			name = Debug;
		};
		B2B18296178B59400097EE6A /* Release */ = {
			isa = XCBuildConfiguration;
			baseConfigurationReference = 58E88B3398DE4FB9ACCCD08F /* Pods-EngageSDK.xcconfig */;
			buildSettings = {
				DSTROOT = /tmp/EngageSDK.dst;
				GCC_PRECOMPILE_PREFIX_HEADER = YES;
				GCC_PREFIX_HEADER = "EngageSDK/EngageSDK-Prefix.pch";
				IPHONEOS_DEPLOYMENT_TARGET = 7.1;
				LIBRARY_SEARCH_PATHS = (
					"$(inherited)",
					"$(PROJECT_DIR)/Pods/build/Debug-iphoneos",
				);
				OTHER_LDFLAGS = "-ObjC";
				PRODUCT_NAME = "$(TARGET_NAME)";
				SKIP_INSTALL = YES;
			};
			name = Release;
		};
		B2B18298178B59400097EE6A /* Debug */ = {
			isa = XCBuildConfiguration;
			baseConfigurationReference = 58E88B3398DE4FB9ACCCD08F /* Pods-EngageSDK.xcconfig */;
			buildSettings = {
				FRAMEWORK_SEARCH_PATHS = (
					"\"$(SDKROOT)/Developer/Library/Frameworks\"",
					"\"$(DEVELOPER_LIBRARY_DIR)/Frameworks\"",
					"$(DEVELOPER_FRAMEWORKS_DIR)",
					"$(inherited)",
				);
				GCC_PRECOMPILE_PREFIX_HEADER = YES;
				GCC_PREFIX_HEADER = "EngageSDK/EngageSDK-Prefix.pch";
				INFOPLIST_FILE = "EngageSDKTests/EngageSDKTests-Info.plist";
				IPHONEOS_DEPLOYMENT_TARGET = 7.1;
				LIBRARY_SEARCH_PATHS = (
					"$(inherited)",
					"$(PROJECT_DIR)/Pods/build/Debug-iphoneos",
				);
				OTHER_LDFLAGS = (
					"-ObjC",
					"-framework",
					CoreGraphics,
					"-framework",
					MobileCoreServices,
					"-framework",
					Security,
					"-framework",
					SystemConfiguration,
					"-framework",
					XCTest,
				);
				PRODUCT_NAME = "$(TARGET_NAME)";
				"TEST_HOST[sdk=*]" = "$(BUNDLE_LOADER)";
				WRAPPER_EXTENSION = xctest;
			};
			name = Debug;
		};
		B2B18299178B59400097EE6A /* Release */ = {
			isa = XCBuildConfiguration;
			baseConfigurationReference = 58E88B3398DE4FB9ACCCD08F /* Pods-EngageSDK.xcconfig */;
			buildSettings = {
				FRAMEWORK_SEARCH_PATHS = (
					"\"$(SDKROOT)/Developer/Library/Frameworks\"",
					"\"$(DEVELOPER_LIBRARY_DIR)/Frameworks\"",
					"$(DEVELOPER_FRAMEWORKS_DIR)",
					"$(inherited)",
				);
				GCC_PRECOMPILE_PREFIX_HEADER = YES;
				GCC_PREFIX_HEADER = "EngageSDK/EngageSDK-Prefix.pch";
				INFOPLIST_FILE = "EngageSDKTests/EngageSDKTests-Info.plist";
				IPHONEOS_DEPLOYMENT_TARGET = 7.1;
				LIBRARY_SEARCH_PATHS = (
					"$(inherited)",
					"$(PROJECT_DIR)/Pods/build/Debug-iphoneos",
				);
				OTHER_LDFLAGS = (
					"-ObjC",
					"-framework",
					CoreGraphics,
					"-framework",
					MobileCoreServices,
					"-framework",
					Security,
					"-framework",
					SystemConfiguration,
					"-framework",
					XCTest,
				);
				PRODUCT_NAME = "$(TARGET_NAME)";
				WRAPPER_EXTENSION = xctest;
			};
			name = Release;
		};
/* End XCBuildConfiguration section */

/* Begin XCConfigurationList section */
		B2B1826A178B59400097EE6A /* Build configuration list for PBXProject "EngageSDK" */ = {
			isa = XCConfigurationList;
			buildConfigurations = (
				B2B18292178B59400097EE6A /* Debug */,
				B2B18293178B59400097EE6A /* Release */,
			);
			defaultConfigurationIsVisible = 0;
			defaultConfigurationName = Release;
		};
		B2B18294178B59400097EE6A /* Build configuration list for PBXNativeTarget "EngageSDK" */ = {
			isa = XCConfigurationList;
			buildConfigurations = (
				B2B18295178B59400097EE6A /* Debug */,
				B2B18296178B59400097EE6A /* Release */,
			);
			defaultConfigurationIsVisible = 0;
			defaultConfigurationName = Release;
		};
		B2B18297178B59400097EE6A /* Build configuration list for PBXNativeTarget "EngageSDKTests" */ = {
			isa = XCConfigurationList;
			buildConfigurations = (
				B2B18298178B59400097EE6A /* Debug */,
				B2B18299178B59400097EE6A /* Release */,
			);
			defaultConfigurationIsVisible = 0;
			defaultConfigurationName = Release;
		};
/* End XCConfigurationList section */
	};
	rootObject = B2B18267178B59400097EE6A /* Project object */;
}
